
Microsoft Visual Studio Solution File, Format Version 12.00
# Visual Studio Version 17
VisualStudioVersion = 17.3.32825.248
MinimumVisualStudioVersion = 10.0.40219.1
Project("{FAE04EC0-301F-11D3-BF4B-00C04F79EFBC}") = "ROIStaffApp.Android", "ROIStaffApp.Android\ROIStaffApp.Android.csproj", "{3D462DBE-B39A-4474-ACF0-56E52924534E}"
EndProject
Project("{9A19103F-16F7-4668-BE54-9A1E7A4F7556}") = "ROIStaffApp", "ROIStaffApp\ROIStaffApp.csproj", "{64307E5D-4BC7-4D7E-9E0A-159B6A439678}"
EndProject
Global
	GlobalSection(SolutionConfigurationPlatforms) = preSolution
		Debug|Any CPU = Debug|Any CPU
		Release|Any CPU = Release|Any CPU
	EndGlobalSection
	GlobalSection(ProjectConfigurationPlatforms) = postSolution
		{3D462DBE-B39A-4474-ACF0-56E52924534E}.Debug|Any CPU.ActiveCfg = Debug|Any CPU
		{3D462DBE-B39A-4474-ACF0-56E52924534E}.Debug|Any CPU.Build.0 = Debug|Any CPU
		{3D462DBE-B39A-4474-ACF0-56E52924534E}.Debug|Any CPU.Deploy.0 = Debug|Any CPU
		{3D462DBE-B39A-4474-ACF0-56E52924534E}.Release|Any CPU.ActiveCfg = Release|Any CPU
		{3D462DBE-B39A-4474-ACF0-56E52924534E}.Release|Any CPU.Build.0 = Release|Any CPU
		{3D462DBE-B39A-4474-ACF0-56E52924534E}.Release|Any CPU.Deploy.0 = Release|Any CPU
		{64307E5D-4BC7-4D7E-9E0A-159B6A439678}.Debug|Any CPU.ActiveCfg = Debug|Any CPU
		{64307E5D-4BC7-4D7E-9E0A-159B6A439678}.Debug|Any CPU.Build.0 = Debug|Any CPU
		{64307E5D-4BC7-4D7E-9E0A-159B6A439678}.Debug|Any CPU.Deploy.0 = Debug|Any CPU
		{64307E5D-4BC7-4D7E-9E0A-159B6A439678}.Release|Any CPU.ActiveCfg = Release|Any CPU
		{64307E5D-4BC7-4D7E-9E0A-159B6A439678}.Release|Any CPU.Build.0 = Release|Any CPU
		{64307E5D-4BC7-4D7E-9E0A-159B6A439678}.Release|Any CPU.Deploy.0 = Release|Any CPU
	EndGlobalSection
	GlobalSection(SolutionProperties) = preSolution
		HideSolutionNode = FALSE
	EndGlobalSection
	GlobalSection(ExtensibilityGlobals) = postSolution
		SolutionGuid = {F8FBA310-4246-4EEB-8DE7-3DFDB435AB79}
	EndGlobalSection
EndGlobal
